
Microsoft Visual Studio Solution File, Format Version 12.00
# Visual Studio Version 17
VisualStudioVersion = 17.13.35806.99 d17.13
MinimumVisualStudioVersion = 10.0.40219.1
Project("{FAE04EC0-301F-11D3-BF4B-00C04F79EFBC}") = "BT_2", "BT_2\BT_2.csproj", "{7782F20B-3536-43C9-9756-17C02A4C121C}"
EndProject
Global
	GlobalSection(SolutionConfigurationPlatforms) = preSolution
		Debug|Any CPU = Debug|Any CPU
		Release|Any CPU = Release|Any CPU
	EndGlobalSection
	GlobalSection(ProjectConfigurationPlatforms) = postSolution
		{7782F20B-3536-43C9-9756-17C02A4C121C}.Debug|Any CPU.ActiveCfg = Debug|Any CPU
		{7782F20B-3536-43C9-9756-17C02A4C121C}.Debug|Any CPU.Build.0 = Debug|Any CPU
		{7782F20B-3536-43C9-9756-17C02A4C121C}.Release|Any CPU.ActiveCfg = Release|Any CPU
		{7782F20B-3536-43C9-9756-17C02A4C121C}.Release|Any CPU.Build.0 = Release|Any CPU
	EndGlobalSection
	GlobalSection(SolutionProperties) = preSolution
		HideSolutionNode = FALSE
	EndGlobalSection
	GlobalSection(ExtensibilityGlobals) = postSolution
		SolutionGuid = {508B7B01-A645-4443-89BF-FB18274ED967}
	EndGlobalSection
EndGlobal
